
Microsoft Visual Studio Solution File, Format Version 12.00
# Visual Studio Version 16
VisualStudioVersion = 16.0.31019.35
MinimumVisualStudioVersion = 10.0.40219.1
Project("{FAE04EC0-301F-11D3-BF4B-00C04F79EFBC}") = "MVC_Company", "MVC_Company\MVC_Company.csproj", "{BAF19727-7079-4CA1-98CD-CAF354E3EAEB}"
EndProject
Project("{FAE04EC0-301F-11D3-BF4B-00C04F79EFBC}") = "Database", "Database\Database.csproj", "{A3BEEE7E-8A12-4F84-AB3E-F07CE856E3E1}"
EndProject
Project("{FAE04EC0-301F-11D3-BF4B-00C04F79EFBC}") = "Business", "Business\Business.csproj", "{036C68ED-6E23-4279-968E-FD0F309B89C4}"
EndProject
Global
	GlobalSection(SolutionConfigurationPlatforms) = preSolution
		Debug|Any CPU = Debug|Any CPU
		Release|Any CPU = Release|Any CPU
	EndGlobalSection
	GlobalSection(ProjectConfigurationPlatforms) = postSolution
		{BAF19727-7079-4CA1-98CD-CAF354E3EAEB}.Debug|Any CPU.ActiveCfg = Debug|Any CPU
		{BAF19727-7079-4CA1-98CD-CAF354E3EAEB}.Debug|Any CPU.Build.0 = Debug|Any CPU
		{BAF19727-7079-4CA1-98CD-CAF354E3EAEB}.Release|Any CPU.ActiveCfg = Release|Any CPU
		{BAF19727-7079-4CA1-98CD-CAF354E3EAEB}.Release|Any CPU.Build.0 = Release|Any CPU
		{A3BEEE7E-8A12-4F84-AB3E-F07CE856E3E1}.Debug|Any CPU.ActiveCfg = Debug|Any CPU
		{A3BEEE7E-8A12-4F84-AB3E-F07CE856E3E1}.Debug|Any CPU.Build.0 = Debug|Any CPU
		{A3BEEE7E-8A12-4F84-AB3E-F07CE856E3E1}.Release|Any CPU.ActiveCfg = Release|Any CPU
		{A3BEEE7E-8A12-4F84-AB3E-F07CE856E3E1}.Release|Any CPU.Build.0 = Release|Any CPU
		{036C68ED-6E23-4279-968E-FD0F309B89C4}.Debug|Any CPU.ActiveCfg = Debug|Any CPU
		{036C68ED-6E23-4279-968E-FD0F309B89C4}.Debug|Any CPU.Build.0 = Debug|Any CPU
		{036C68ED-6E23-4279-968E-FD0F309B89C4}.Release|Any CPU.ActiveCfg = Release|Any CPU
		{036C68ED-6E23-4279-968E-FD0F309B89C4}.Release|Any CPU.Build.0 = Release|Any CPU
	EndGlobalSection
	GlobalSection(SolutionProperties) = preSolution
		HideSolutionNode = FALSE
	EndGlobalSection
	GlobalSection(ExtensibilityGlobals) = postSolution
		SolutionGuid = {0A3812E7-56EB-46D9-9DCF-E9982033E400}
	EndGlobalSection
EndGlobal
